
Microsoft Visual Studio Solution File, Format Version 12.00
# Visual Studio 15
VisualStudioVersion = 15.9.28307.280
MinimumVisualStudioVersion = 10.0.40219.1
Project("{FAE04EC0-301F-11D3-BF4B-00C04F79EFBC}") = "HorseGuidedAR", "HorseGuidedAR\HorseGuidedAR.csproj", "{13A45C13-3265-47B8-BC48-A553B569DF55}"
	ProjectSection(ProjectDependencies) = postProject
		{02DE5004-845C-4A40-A524-A0DE10815A6A} = {02DE5004-845C-4A40-A524-A0DE10815A6A}
		{C2CDBCA8-5F9D-4AB5-B2E4-6041CF326F62} = {C2CDBCA8-5F9D-4AB5-B2E4-6041CF326F62}
		{F7D8AA68-5865-4D6E-BD29-0D0BBB53E49B} = {F7D8AA68-5865-4D6E-BD29-0D0BBB53E49B}
		{E6949B17-8461-4FEC-B218-3279B1057CFF} = {E6949B17-8461-4FEC-B218-3279B1057CFF}
	EndProjectSection
EndProject
Project("{FAE04EC0-301F-11D3-BF4B-00C04F79EFBC}") = "Assembly-CSharp", "C:\Users\pavit\OneDrive\Documents\HorseGuidedAR\Test\GeneratedProjects\UWP\Assembly-CSharp\Assembly-CSharp.csproj", "{02DE5004-845C-4A40-A524-A0DE10815A6A}"
EndProject
Project("{FAE04EC0-301F-11D3-BF4B-00C04F79EFBC}") = "Unity.TextMeshPro", "C:\Users\pavit\OneDrive\Documents\HorseGuidedAR\Test\GeneratedProjects\UWP\Unity.TextMeshPro\Unity.TextMeshPro.csproj", "{C2CDBCA8-5F9D-4AB5-B2E4-6041CF326F62}"
EndProject
Project("{FAE04EC0-301F-11D3-BF4B-00C04F79EFBC}") = "Unity.Analytics.DataPrivacy", "C:\Users\pavit\OneDrive\Documents\HorseGuidedAR\Test\GeneratedProjects\UWP\Unity.Analytics.DataPrivacy\Unity.Analytics.DataPrivacy.csproj", "{F7D8AA68-5865-4D6E-BD29-0D0BBB53E49B}"
EndProject
Project("{FAE04EC0-301F-11D3-BF4B-00C04F79EFBC}") = "Unity.XR.WindowsMR", "C:\Users\pavit\OneDrive\Documents\HorseGuidedAR\Test\GeneratedProjects\UWP\Unity.XR.WindowsMR\Unity.XR.WindowsMR.csproj", "{E6949B17-8461-4FEC-B218-3279B1057CFF}"
EndProject
Global
	GlobalSection(SolutionConfigurationPlatforms) = preSolution
		Debug|ARM = Debug|ARM
		Debug|x64 = Debug|x64
		Debug|x86 = Debug|x86
		Master|ARM = Master|ARM
		Master|x64 = Master|x64
		Master|x86 = Master|x86
		Release|ARM = Release|ARM
		Release|x64 = Release|x64
		Release|x86 = Release|x86
	EndGlobalSection
	GlobalSection(ProjectConfigurationPlatforms) = postSolution
		{13A45C13-3265-47B8-BC48-A553B569DF55}.Debug|ARM.ActiveCfg = Debug|ARM
		{13A45C13-3265-47B8-BC48-A553B569DF55}.Debug|ARM.Build.0 = Debug|ARM
		{13A45C13-3265-47B8-BC48-A553B569DF55}.Debug|ARM.Deploy.0 = Debug|ARM
		{13A45C13-3265-47B8-BC48-A553B569DF55}.Debug|x64.ActiveCfg = Debug|x64
		{13A45C13-3265-47B8-BC48-A553B569DF55}.Debug|x64.Build.0 = Debug|x64
		{13A45C13-3265-47B8-BC48-A553B569DF55}.Debug|x64.Deploy.0 = Debug|x64
		{13A45C13-3265-47B8-BC48-A553B569DF55}.Debug|x86.ActiveCfg = Debug|x86
		{13A45C13-3265-47B8-BC48-A553B569DF55}.Debug|x86.Build.0 = Debug|x86
		{13A45C13-3265-47B8-BC48-A553B569DF55}.Debug|x86.Deploy.0 = Debug|x86
		{13A45C13-3265-47B8-BC48-A553B569DF55}.Master|ARM.ActiveCfg = Master|ARM
		{13A45C13-3265-47B8-BC48-A553B569DF55}.Master|ARM.Build.0 = Master|ARM
		{13A45C13-3265-47B8-BC48-A553B569DF55}.Master|ARM.Deploy.0 = Master|ARM
		{13A45C13-3265-47B8-BC48-A553B569DF55}.Master|x64.ActiveCfg = Master|x64
		{13A45C13-3265-47B8-BC48-A553B569DF55}.Master|x64.Build.0 = Master|x64
		{13A45C13-3265-47B8-BC48-A553B569DF55}.Master|x64.Deploy.0 = Master|x64
		{13A45C13-3265-47B8-BC48-A553B569DF55}.Master|x86.ActiveCfg = Master|x86
		{13A45C13-3265-47B8-BC48-A553B569DF55}.Master|x86.Build.0 = Master|x86
		{13A45C13-3265-47B8-BC48-A553B569DF55}.Master|x86.Deploy.0 = Master|x86
		{13A45C13-3265-47B8-BC48-A553B569DF55}.Release|ARM.ActiveCfg = Release|ARM
		{13A45C13-3265-47B8-BC48-A553B569DF55}.Release|ARM.Build.0 = Release|ARM
		{13A45C13-3265-47B8-BC48-A553B569DF55}.Release|ARM.Deploy.0 = Release|ARM
		{13A45C13-3265-47B8-BC48-A553B569DF55}.Release|x64.ActiveCfg = Release|x64
		{13A45C13-3265-47B8-BC48-A553B569DF55}.Release|x64.Build.0 = Release|x64
		{13A45C13-3265-47B8-BC48-A553B569DF55}.Release|x64.Deploy.0 = Release|x64
		{13A45C13-3265-47B8-BC48-A553B569DF55}.Release|x86.ActiveCfg = Release|x86
		{13A45C13-3265-47B8-BC48-A553B569DF55}.Release|x86.Build.0 = Release|x86
		{13A45C13-3265-47B8-BC48-A553B569DF55}.Release|x86.Deploy.0 = Release|x86
		{02DE5004-845C-4A40-A524-A0DE10815A6A}.Debug|ARM.ActiveCfg = Debug|ARM
		{02DE5004-845C-4A40-A524-A0DE10815A6A}.Debug|ARM.Build.0 = Debug|ARM
		{02DE5004-845C-4A40-A524-A0DE10815A6A}.Debug|x64.ActiveCfg = Debug|x64
		{02DE5004-845C-4A40-A524-A0DE10815A6A}.Debug|x64.Build.0 = Debug|x64
		{02DE5004-845C-4A40-A524-A0DE10815A6A}.Debug|x86.ActiveCfg = Debug|x86
		{02DE5004-845C-4A40-A524-A0DE10815A6A}.Debug|x86.Build.0 = Debug|x86
		{02DE5004-845C-4A40-A524-A0DE10815A6A}.Master|ARM.ActiveCfg = Master|ARM
		{02DE5004-845C-4A40-A524-A0DE10815A6A}.Master|ARM.Build.0 = Master|ARM
		{02DE5004-845C-4A40-A524-A0DE10815A6A}.Master|x64.ActiveCfg = Master|x64
		{02DE5004-845C-4A40-A524-A0DE10815A6A}.Master|x64.Build.0 = Master|x64
		{02DE5004-845C-4A40-A524-A0DE10815A6A}.Master|x86.ActiveCfg = Master|x86
		{02DE5004-845C-4A40-A524-A0DE10815A6A}.Master|x86.Build.0 = Master|x86
		{02DE5004-845C-4A40-A524-A0DE10815A6A}.Release|ARM.ActiveCfg = Release|ARM
		{02DE5004-845C-4A40-A524-A0DE10815A6A}.Release|ARM.Build.0 = Release|ARM
		{02DE5004-845C-4A40-A524-A0DE10815A6A}.Release|x64.ActiveCfg = Release|x64
		{02DE5004-845C-4A40-A524-A0DE10815A6A}.Release|x64.Build.0 = Release|x64
		{02DE5004-845C-4A40-A524-A0DE10815A6A}.Release|x86.ActiveCfg = Release|x86
		{02DE5004-845C-4A40-A524-A0DE10815A6A}.Release|x86.Build.0 = Release|x86
		{C2CDBCA8-5F9D-4AB5-B2E4-6041CF326F62}.Debug|ARM.ActiveCfg = Debug|ARM
		{C2CDBCA8-5F9D-4AB5-B2E4-6041CF326F62}.Debug|ARM.Build.0 = Debug|ARM
		{C2CDBCA8-5F9D-4AB5-B2E4-6041CF326F62}.Debug|x64.ActiveCfg = Debug|x64
		{C2CDBCA8-5F9D-4AB5-B2E4-6041CF326F62}.Debug|x64.Build.0 = Debug|x64
		{C2CDBCA8-5F9D-4AB5-B2E4-6041CF326F62}.Debug|x86.ActiveCfg = Debug|x86
		{C2CDBCA8-5F9D-4AB5-B2E4-6041CF326F62}.Debug|x86.Build.0 = Debug|x86
		{C2CDBCA8-5F9D-4AB5-B2E4-6041CF326F62}.Master|ARM.ActiveCfg = Master|ARM
		{C2CDBCA8-5F9D-4AB5-B2E4-6041CF326F62}.Master|ARM.Build.0 = Master|ARM
		{C2CDBCA8-5F9D-4AB5-B2E4-6041CF326F62}.Master|x64.ActiveCfg = Master|x64
		{C2CDBCA8-5F9D-4AB5-B2E4-6041CF326F62}.Master|x64.Build.0 = Master|x64
		{C2CDBCA8-5F9D-4AB5-B2E4-6041CF326F62}.Master|x86.ActiveCfg = Master|x86
		{C2CDBCA8-5F9D-4AB5-B2E4-6041CF326F62}.Master|x86.Build.0 = Master|x86
		{C2CDBCA8-5F9D-4AB5-B2E4-6041CF326F62}.Release|ARM.ActiveCfg = Release|ARM
		{C2CDBCA8-5F9D-4AB5-B2E4-6041CF326F62}.Release|ARM.Build.0 = Release|ARM
		{C2CDBCA8-5F9D-4AB5-B2E4-6041CF326F62}.Release|x64.ActiveCfg = Release|x64
		{C2CDBCA8-5F9D-4AB5-B2E4-6041CF326F62}.Release|x64.Build.0 = Release|x64
		{C2CDBCA8-5F9D-4AB5-B2E4-6041CF326F62}.Release|x86.ActiveCfg = Release|x86
		{C2CDBCA8-5F9D-4AB5-B2E4-6041CF326F62}.Release|x86.Build.0 = Release|x86
		{F7D8AA68-5865-4D6E-BD29-0D0BBB53E49B}.Debug|ARM.ActiveCfg = Debug|ARM
		{F7D8AA68-5865-4D6E-BD29-0D0BBB53E49B}.Debug|ARM.Build.0 = Debug|ARM
		{F7D8AA68-5865-4D6E-BD29-0D0BBB53E49B}.Debug|x64.ActiveCfg = Debug|x64
		{F7D8AA68-5865-4D6E-BD29-0D0BBB53E49B}.Debug|x64.Build.0 = Debug|x64
		{F7D8AA68-5865-4D6E-BD29-0D0BBB53E49B}.Debug|x86.ActiveCfg = Debug|x86
		{F7D8AA68-5865-4D6E-BD29-0D0BBB53E49B}.Debug|x86.Build.0 = Debug|x86
		{F7D8AA68-5865-4D6E-BD29-0D0BBB53E49B}.Master|ARM.ActiveCfg = Master|ARM
		{F7D8AA68-5865-4D6E-BD29-0D0BBB53E49B}.Master|ARM.Build.0 = Master|ARM
		{F7D8AA68-5865-4D6E-BD29-0D0BBB53E49B}.Master|x64.ActiveCfg = Master|x64
		{F7D8AA68-5865-4D6E-BD29-0D0BBB53E49B}.Master|x64.Build.0 = Master|x64
		{F7D8AA68-5865-4D6E-BD29-0D0BBB53E49B}.Master|x86.ActiveCfg = Master|x86
		{F7D8AA68-5865-4D6E-BD29-0D0BBB53E49B}.Master|x86.Build.0 = Master|x86
		{F7D8AA68-5865-4D6E-BD29-0D0BBB53E49B}.Release|ARM.ActiveCfg = Release|ARM
		{F7D8AA68-5865-4D6E-BD29-0D0BBB53E49B}.Release|ARM.Build.0 = Release|ARM
		{F7D8AA68-5865-4D6E-BD29-0D0BBB53E49B}.Release|x64.ActiveCfg = Release|x64
		{F7D8AA68-5865-4D6E-BD29-0D0BBB53E49B}.Release|x64.Build.0 = Release|x64
		{F7D8AA68-5865-4D6E-BD29-0D0BBB53E49B}.Release|x86.ActiveCfg = Release|x86
		{F7D8AA68-5865-4D6E-BD29-0D0BBB53E49B}.Release|x86.Build.0 = Release|x86
		{E6949B17-8461-4FEC-B218-3279B1057CFF}.Debug|ARM.ActiveCfg = Debug|ARM
		{E6949B17-8461-4FEC-B218-3279B1057CFF}.Debug|ARM.Build.0 = Debug|ARM
		{E6949B17-8461-4FEC-B218-3279B1057CFF}.Debug|x64.ActiveCfg = Debug|x64
		{E6949B17-8461-4FEC-B218-3279B1057CFF}.Debug|x64.Build.0 = Debug|x64
		{E6949B17-8461-4FEC-B218-3279B1057CFF}.Debug|x86.ActiveCfg = Debug|x86
		{E6949B17-8461-4FEC-B218-3279B1057CFF}.Debug|x86.Build.0 = Debug|x86
		{E6949B17-8461-4FEC-B218-3279B1057CFF}.Master|ARM.ActiveCfg = Master|ARM
		{E6949B17-8461-4FEC-B218-3279B1057CFF}.Master|ARM.Build.0 = Master|ARM
		{E6949B17-8461-4FEC-B218-3279B1057CFF}.Master|x64.ActiveCfg = Master|x64
		{E6949B17-8461-4FEC-B218-3279B1057CFF}.Master|x64.Build.0 = Master|x64
		{E6949B17-8461-4FEC-B218-3279B1057CFF}.Master|x86.ActiveCfg = Master|x86
		{E6949B17-8461-4FEC-B218-3279B1057CFF}.Master|x86.Build.0 = Master|x86
		{E6949B17-8461-4FEC-B218-3279B1057CFF}.Release|ARM.ActiveCfg = Release|ARM
		{E6949B17-8461-4FEC-B218-3279B1057CFF}.Release|ARM.Build.0 = Release|ARM
		{E6949B17-8461-4FEC-B218-3279B1057CFF}.Release|x64.ActiveCfg = Release|x64
		{E6949B17-8461-4FEC-B218-3279B1057CFF}.Release|x64.Build.0 = Release|x64
		{E6949B17-8461-4FEC-B218-3279B1057CFF}.Release|x86.ActiveCfg = Release|x86
		{E6949B17-8461-4FEC-B218-3279B1057CFF}.Release|x86.Build.0 = Release|x86
	EndGlobalSection
	GlobalSection(SolutionProperties) = preSolution
		HideSolutionNode = FALSE
	EndGlobalSection
	GlobalSection(ExtensibilityGlobals) = postSolution
		SolutionGuid = {2528E0A4-5849-4213-8CCB-551F0640B50C}
	EndGlobalSection
EndGlobal
